Microsoft Visual Studio Solution File, Format Version 12.00
# Visual Studio Version 17
VisualStudioVersion = 17.13.35913.81
MinimumVisualStudioVersion = 10.0.40219.1
Project("{FAE04EC0-301F-11D3-BF4B-00C04F79EFBC}") = "YehonatanShlain_Zoo", "YehonatanShlain_Zoo.csproj", "{BC0CE2A8-FEDF-4C33-B6CC-3BE8E895A1ED}"
EndProject
Global
	GlobalSection(SolutionConfigurationPlatforms) = preSolution
		Debug|Any CPU = Debug|Any CPU
		Release|Any CPU = Release|Any CPU
	EndGlobalSection
	GlobalSection(ProjectConfigurationPlatforms) = postSolution
		{BC0CE2A8-FEDF-4C33-B6CC-3BE8E895A1ED}.Debug|Any CPU.ActiveCfg = Debug|Any CPU
		{BC0CE2A8-FEDF-4C33-B6CC-3BE8E895A1ED}.Debug|Any CPU.Build.0 = Debug|Any CPU
		{BC0CE2A8-FEDF-4C33-B6CC-3BE8E895A1ED}.Release|Any CPU.ActiveCfg = Release|Any CPU
		{BC0CE2A8-FEDF-4C33-B6CC-3BE8E895A1ED}.Release|Any CPU.Build.0 = Release|Any CPU
	EndGlobalSection
	GlobalSection(SolutionProperties) = preSolution
		HideSolutionNode = FALSE
	EndGlobalSection
	GlobalSection(ExtensibilityGlobals) = postSolution
		SolutionGuid = {BBB7CDB8-0900-47A3-A287-54D50F696536}
	EndGlobalSection
EndGlobal
